// !$*UTF8*$!
{
	archiveVersion = 1;
	classes = {
	};
	objectVersion = 77;
	objects = {

/* Begin PBXContainerItemProxy section */
		17B45BF72FC535FD00C8DBD7 /* PBXContainerItemProxy */ = {
			isa = PBXContainerItemProxy;
			containerPortal = 17B45BDF2FC535FC00C8DBD7 /* Project object */;
			proxyType = 1;
			remoteGlobalIDString = 17B45BE62FC535FC00C8DBD7;
			remoteInfo = CobraSthenics;
		};
		17B45C012FC535FD00C8DBD7 /* PBXContainerItemProxy */ = {
			isa = PBXContainerItemProxy;
			containerPortal = 17B45BDF2FC535FC00C8DBD7 /* Project object */;
			proxyType = 1;
			remoteGlobalIDString = 17B45BE62FC535FC00C8DBD7;
			remoteInfo = CobraSthenics;
		};
/* End PBXContainerItemProxy section */

/* Begin PBXFileReference section */
		17B45BE72FC535FC00C8DBD7 /* CobraSthenics.app */ = {isa = PBXFileReference; explicitFileType = wrapper.application; includeInIndex = 0; path = CobraSthenics.app; sourceTree = BUILT_PRODUCTS_DIR; };
		17B45BF62FC535FD00C8DBD7 /* CobraSthenicsTests.xctest */ = {isa = PBXFileReference; explicitFileType = wrapper.cfbundle; includeInIndex = 0; path = CobraSthenicsTests.xctest; sourceTree = BUILT_PRODUCTS_DIR; };
		17B45C002FC535FD00C8DBD7 /* CobraSthenicsUITests.xctest */ = {isa = PBXFileReference; explicitFileType = wrapper.cfbundle; includeInIndex = 0; path = CobraSthenicsUITests.xctest; sourceTree = BUILT_PRODUCTS_DIR; };
		17B45CF32FC536E500C8DBD7 /* architecture.md */ = {isa = PBXFileReference; lastKnownFileType = net.daringfireball.markdown; path = architecture.md; sourceTree = "<group>"; };
		17B45CF42FC536E500C8DBD7 /* backend_architecture.md */ = {isa = PBXFileReference; lastKnownFileType = net.daringfireball.markdown; path = backend_architecture.md; sourceTree = "<group>"; };
		17B45CF52FC536E500C8DBD7 /* database.md */ = {isa = PBXFileReference; lastKnownFileType = net.daringfireball.markdown; path = database.md; sourceTree = "<group>"; };
		17B45CF72FC536E500C8DBD7 /* animations.md */ = {isa = PBXFileReference; lastKnownFileType = net.daringfireball.markdown; path = animations.md; sourceTree = "<group>"; };
		17B45CF82FC536E500C8DBD7 /* branding.md */ = {isa = PBXFileReference; lastKnownFileType = net.daringfireball.markdown; path = branding.md; sourceTree = "<group>"; };
		17B45CF92FC536E500C8DBD7 /* design_system.md */ = {isa = PBXFileReference; lastKnownFileType = net.daringfireball.markdown; path = design_system.md; sourceTree = "<group>"; };
		17B45CFA2FC536E500C8DBD7 /* ui_rules.md */ = {isa = PBXFileReference; lastKnownFileType = net.daringfireball.markdown; path = ui_rules.md; sourceTree = "<group>"; };
		17B45CFC2FC536E500C8DBD7 /* coding_guidelines.md */ = {isa = PBXFileReference; lastKnownFileType = net.daringfireball.markdown; path = coding_guidelines.md; sourceTree = "<group>"; };
		17B45CFD2FC536E500C8DBD7 /* git_workflow.md */ = {isa = PBXFileReference; lastKnownFileType = net.daringfireball.markdown; path = git_workflow.md; sourceTree = "<group>"; };
		17B45CFE2FC536E500C8DBD7 /* source_of_truth.md */ = {isa = PBXFileReference; lastKnownFileType = net.daringfireball.markdown; path = source_of_truth.md; sourceTree = "<group>"; };
		17B45CFF2FC536E500C8DBD7 /* swift_style_guide.md */ = {isa = PBXFileReference; lastKnownFileType = net.daringfireball.markdown; path = swift_style_guide.md; sourceTree = "<group>"; };
		17B45D002FC536E500C8DBD7 /* testing_strategy.md */ = {isa = PBXFileReference; lastKnownFileType = net.daringfireball.markdown; path = testing_strategy.md; sourceTree = "<group>"; };
		17B45D022FC536E500C8DBD7 /* analytics.md */ = {isa = PBXFileReference; lastKnownFileType = net.daringfireball.markdown; path = analytics.md; sourceTree = "<group>"; };
		17B45D032FC536E500C8DBD7 /* skills.md */ = {isa = PBXFileReference; lastKnownFileType = net.daringfireball.markdown; path = skills.md; sourceTree = "<group>"; };
		17B45D042FC536E500C8DBD7 /* subscriptions.md */ = {isa = PBXFileReference; lastKnownFileType = net.daringfireball.markdown; path = subscriptions.md; sourceTree = "<group>"; };
		17B45D052FC536E500C8DBD7 /* workouts.md */ = {isa = PBXFileReference; lastKnownFileType = net.daringfireball.markdown; path = workouts.md; sourceTree = "<group>"; };
		17B45D072FC536E500C8DBD7 /* product_spec.md */ = {isa = PBXFileReference; lastKnownFileType = net.daringfireball.markdown; path = product_spec.md; sourceTree = "<group>"; };
		17B45D0A2FC536EE00C8DBD7 /* app_summary.md */ = {isa = PBXFileReference; lastKnownFileType = net.daringfireball.markdown; path = app_summary.md; sourceTree = "<group>"; };
		17B45D0B2FC536EE00C8DBD7 /* architecture_summary.md */ = {isa = PBXFileReference; lastKnownFileType = net.daringfireball.markdown; path = architecture_summary.md; sourceTree = "<group>"; };
		17B45D0C2FC536EE00C8DBD7 /* feature_matrix.md */ = {isa = PBXFileReference; lastKnownFileType = net.daringfireball.markdown; path = feature_matrix.md; sourceTree = "<group>"; };
		17B45D0D2FC536EE00C8DBD7 /* known_issues.md */ = {isa = PBXFileReference; lastKnownFileType = net.daringfireball.markdown; path = known_issues.md; sourceTree = "<group>"; };
		17B45D0E2FC536EE00C8DBD7 /* project_status.md */ = {isa = PBXFileReference; lastKnownFileType = net.daringfireball.markdown; path = project_status.md; sourceTree = "<group>"; };
		17B45D0F2FC536EE00C8DBD7 /* roadmap.md */ = {isa = PBXFileReference; lastKnownFileType = net.daringfireball.markdown; path = roadmap.md; sourceTree = "<group>"; };
		17B45D102FC536EE00C8DBD7 /* technical_decisions.md */ = {isa = PBXFileReference; lastKnownFileType = net.daringfireball.markdown; path = technical_decisions.md; sourceTree = "<group>"; };
		17B45D122FC536EE00C8DBD7 /* architecture_review.md */ = {isa = PBXFileReference; lastKnownFileType = net.daringfireball.markdown; path = architecture_review.md; sourceTree = "<group>"; };
		17B45D132FC536EE00C8DBD7 /* bug_fix.md */ = {isa = PBXFileReference; lastKnownFileType = net.daringfireball.markdown; path = bug_fix.md; sourceTree = "<group>"; };
		17B45D142FC536EE00C8DBD7 /* code_review.md */ = {isa = PBXFileReference; lastKnownFileType = net.daringfireball.markdown; path = code_review.md; sourceTree = "<group>"; };
		17B45D152FC536EE00C8DBD7 /* feature_completion.md */ = {isa = PBXFileReference; lastKnownFileType = net.daringfireball.markdown; path = feature_completion.md; sourceTree = "<group>"; };
		17B45D162FC536EE00C8DBD7 /* new_feature.md */ = {isa = PBXFileReference; lastKnownFileType = net.daringfireball.markdown; path = new_feature.md; sourceTree = "<group>"; };
		17B45D172FC536EE00C8DBD7 /* new_screen.md */ = {isa = PBXFileReference; lastKnownFileType = net.daringfireball.markdown; path = new_screen.md; sourceTree = "<group>"; };
		17B45D182FC536EE00C8DBD7 /* refactor.md */ = {isa = PBXFileReference; lastKnownFileType = net.daringfireball.markdown; path = refactor.md; sourceTree = "<group>"; };
		17B45D192FC536EE00C8DBD7 /* reusable_component.md */ = {isa = PBXFileReference; lastKnownFileType = net.daringfireball.markdown; path = reusable_component.md; sourceTree = "<group>"; };
		17B45D1B2FC536EE00C8DBD7 /* architecture_workflow.md */ = {isa = PBXFileReference; lastKnownFileType = net.daringfireball.markdown; path = architecture_workflow.md; sourceTree = "<group>"; };
		17B45D1C2FC536EE00C8DBD7 /* debugging_workflow.md */ = {isa = PBXFileReference; lastKnownFileType = net.daringfireball.markdown; path = debugging_workflow.md; sourceTree = "<group>"; };
		17B45D1D2FC536EE00C8DBD7 /* documentation_workflow.md */ = {isa = PBXFileReference; lastKnownFileType = net.daringfireball.markdown; path = documentation_workflow.md; sourceTree = "<group>"; };
		17B45D1E2FC536EE00C8DBD7 /* feature_workflow.md */ = {isa = PBXFileReference; lastKnownFileType = net.daringfireball.markdown; path = feature_workflow.md; sourceTree = "<group>"; };
		17B45D1F2FC536EE00C8DBD7 /* release_workflow.md */ = {isa = PBXFileReference; lastKnownFileType = net.daringfireball.markdown; path = release_workflow.md; sourceTree = "<group>"; };
		17B45D202FC536EE00C8DBD7 /* testing_workflow.md */ = {isa = PBXFileReference; lastKnownFileType = net.daringfireball.markdown; path = testing_workflow.md; sourceTree = "<group>"; };
/* End PBXFileReference section */

/* Begin PBXFileSystemSynchronizedRootGroup section */
		17B45BE92FC535FC00C8DBD7 /* CobraSthenics */ = {
			isa = PBXFileSystemSynchronizedRootGroup;
			path = CobraSthenics;
			sourceTree = "<group>";
		};
		17B45BF92FC535FD00C8DBD7 /* CobraSthenicsTests */ = {
			isa = PBXFileSystemSynchronizedRootGroup;
			path = CobraSthenicsTests;
			sourceTree = "<group>";
		};
		17B45C032FC535FD00C8DBD7 /* CobraSthenicsUITests */ = {
			isa = PBXFileSystemSynchronizedRootGroup;
			path = CobraSthenicsUITests;
			sourceTree = "<group>";
		};
/* End PBXFileSystemSynchronizedRootGroup section */

/* Begin PBXFrameworksBuildPhase section */
		17B45BE42FC535FC00C8DBD7 /* Frameworks */ = {
			isa = PBXFrameworksBuildPhase;
			buildActionMask = 2147483647;
			files = (
			);
			runOnlyForDeploymentPostprocessing = 0;
		};
		17B45BF32FC535FD00C8DBD7 /* Frameworks */ = {
			isa = PBXFrameworksBuildPhase;
			buildActionMask = 2147483647;
			files = (
			);
			runOnlyForDeploymentPostprocessing = 0;
		};
		17B45BFD2FC535FD00C8DBD7 /* Frameworks */ = {
			isa = PBXFrameworksBuildPhase;
			buildActionMask = 2147483647;
			files = (
			);
			runOnlyForDeploymentPostprocessing = 0;
		};
/* End PBXFrameworksBuildPhase section */

/* Begin PBXGroup section */
		17B45BDE2FC535FC00C8DBD7 = {
			isa = PBXGroup;
			children = (
				17B45BE92FC535FC00C8DBD7 /* CobraSthenics */,
				17B45BF92FC535FD00C8DBD7 /* CobraSthenicsTests */,
				17B45C032FC535FD00C8DBD7 /* CobraSthenicsUITests */,
				17B45BE82FC535FC00C8DBD7 /* Products */,
				17B45D092FC536E500C8DBD7 /* Docs */,
				17B45D222FC536EE00C8DBD7 /* AI */,
			);
			sourceTree = "<group>";
		};
		17B45BE82FC535FC00C8DBD7 /* Products */ = {
			isa = PBXGroup;
			children = (
				17B45BE72FC535FC00C8DBD7 /* CobraSthenics.app */,
				17B45BF62FC535FD00C8DBD7 /* CobraSthenicsTests.xctest */,
				17B45C002FC535FD00C8DBD7 /* CobraSthenicsUITests.xctest */,
			);
			name = Products;
			sourceTree = "<group>";
		};
		17B45CF62FC536E500C8DBD7 /* Architecture */ = {
			isa = PBXGroup;
			children = (
				17B45CF32FC536E500C8DBD7 /* architecture.md */,
				17B45CF42FC536E500C8DBD7 /* backend_architecture.md */,
				17B45CF52FC536E500C8DBD7 /* database.md */,
			);
			path = Architecture;
			sourceTree = "<group>";
		};
		17B45CFB2FC536E500C8DBD7 /* Design */ = {
			isa = PBXGroup;
			children = (
				17B45CF72FC536E500C8DBD7 /* animations.md */,
				17B45CF82FC536E500C8DBD7 /* branding.md */,
				17B45CF92FC536E500C8DBD7 /* design_system.md */,
				17B45CFA2FC536E500C8DBD7 /* ui_rules.md */,
			);
			path = Design;
			sourceTree = "<group>";
		};
		17B45D012FC536E500C8DBD7 /* Engineering */ = {
			isa = PBXGroup;
			children = (
				17B45CFC2FC536E500C8DBD7 /* coding_guidelines.md */,
				17B45CFD2FC536E500C8DBD7 /* git_workflow.md */,
				17B45CFE2FC536E500C8DBD7 /* source_of_truth.md */,
				17B45CFF2FC536E500C8DBD7 /* swift_style_guide.md */,
				17B45D002FC536E500C8DBD7 /* testing_strategy.md */,
			);
			path = Engineering;
			sourceTree = "<group>";
		};
		17B45D062FC536E500C8DBD7 /* Features */ = {
			isa = PBXGroup;
			children = (
				17B45D022FC536E500C8DBD7 /* analytics.md */,
				17B45D032FC536E500C8DBD7 /* skills.md */,
				17B45D042FC536E500C8DBD7 /* subscriptions.md */,
				17B45D052FC536E500C8DBD7 /* workouts.md */,
			);
			path = Features;
			sourceTree = "<group>";
		};
		17B45D082FC536E500C8DBD7 /* Product */ = {
			isa = PBXGroup;
			children = (
				17B45D072FC536E500C8DBD7 /* product_spec.md */,
			);
			path = Product;
			sourceTree = "<group>";
		};
		17B45D092FC536E500C8DBD7 /* Docs */ = {
			isa = PBXGroup;
			children = (
				17B45CF62FC536E500C8DBD7 /* Architecture */,
				17B45CFB2FC536E500C8DBD7 /* Design */,
				17B45D012FC536E500C8DBD7 /* Engineering */,
				17B45D062FC536E500C8DBD7 /* Features */,
				17B45D082FC536E500C8DBD7 /* Product */,
			);
			path = Docs;
			sourceTree = "<group>";
		};
		17B45D112FC536EE00C8DBD7 /* context */ = {
			isa = PBXGroup;
			children = (
				17B45D0A2FC536EE00C8DBD7 /* app_summary.md */,
				17B45D0B2FC536EE00C8DBD7 /* architecture_summary.md */,
				17B45D0C2FC536EE00C8DBD7 /* feature_matrix.md */,
				17B45D0D2FC536EE00C8DBD7 /* known_issues.md */,
				17B45D0E2FC536EE00C8DBD7 /* project_status.md */,
				17B45D0F2FC536EE00C8DBD7 /* roadmap.md */,
				17B45D102FC536EE00C8DBD7 /* technical_decisions.md */,
			);
			path = context;
			sourceTree = "<group>";
		};
		17B45D1A2FC536EE00C8DBD7 /* prompts */ = {
			isa = PBXGroup;
			children = (
				17B45D122FC536EE00C8DBD7 /* architecture_review.md */,
				17B45D132FC536EE00C8DBD7 /* bug_fix.md */,
				17B45D142FC536EE00C8DBD7 /* code_review.md */,
				17B45D152FC536EE00C8DBD7 /* feature_completion.md */,
				17B45D162FC536EE00C8DBD7 /* new_feature.md */,
				17B45D172FC536EE00C8DBD7 /* new_screen.md */,
				17B45D182FC536EE00C8DBD7 /* refactor.md */,
				17B45D192FC536EE00C8DBD7 /* reusable_component.md */,
			);
			path = prompts;
			sourceTree = "<group>";
		};
		17B45D212FC536EE00C8DBD7 /* workflows */ = {
			isa = PBXGroup;
			children = (
				17B45D1B2FC536EE00C8DBD7 /* architecture_workflow.md */,
				17B45D1C2FC536EE00C8DBD7 /* debugging_workflow.md */,
				17B45D1D2FC536EE00C8DBD7 /* documentation_workflow.md */,
				17B45D1E2FC536EE00C8DBD7 /* feature_workflow.md */,
				17B45D1F2FC536EE00C8DBD7 /* release_workflow.md */,
				17B45D202FC536EE00C8DBD7 /* testing_workflow.md */,
			);
			path = workflows;
			sourceTree = "<group>";
		};
		17B45D222FC536EE00C8DBD7 /* AI */ = {
			isa = PBXGroup;
			children = (
				17B45D112FC536EE00C8DBD7 /* context */,
				17B45D1A2FC536EE00C8DBD7 /* prompts */,
				17B45D212FC536EE00C8DBD7 /* workflows */,
			);
			path = AI;
			sourceTree = "<group>";
		};
/* End PBXGroup section */

/* Begin PBXNativeTarget section */
		17B45BE62FC535FC00C8DBD7 /* CobraSthenics */ = {
			isa = PBXNativeTarget;
			buildConfigurationList = 17B45C0A2FC535FD00C8DBD7 /* Build configuration list for PBXNativeTarget "CobraSthenics" */;
			buildPhases = (
				17B45BE32FC535FC00C8DBD7 /* Sources */,
				17B45BE42FC535FC00C8DBD7 /* Frameworks */,
				17B45BE52FC535FC00C8DBD7 /* Resources */,
			);
			buildRules = (
			);
			dependencies = (
			);
			fileSystemSynchronizedGroups = (
				17B45BE92FC535FC00C8DBD7 /* CobraSthenics */,
			);
			name = CobraSthenics;
			packageProductDependencies = (
			);
			productName = CobraSthenics;
			productReference = 17B45BE72FC535FC00C8DBD7 /* CobraSthenics.app */;
			productType = "com.apple.product-type.application";
		};
		17B45BF52FC535FD00C8DBD7 /* CobraSthenicsTests */ = {
			isa = PBXNativeTarget;
			buildConfigurationList = 17B45C0D2FC535FD00C8DBD7 /* Build configuration list for PBXNativeTarget "CobraSthenicsTests" */;
			buildPhases = (
				17B45BF22FC535FD00C8DBD7 /* Sources */,
				17B45BF32FC535FD00C8DBD7 /* Frameworks */,
				17B45BF42FC535FD00C8DBD7 /* Resources */,
			);
			buildRules = (
			);
			dependencies = (
				17B45BF82FC535FD00C8DBD7 /* PBXTargetDependency */,
			);
			fileSystemSynchronizedGroups = (
				17B45BF92FC535FD00C8DBD7 /* CobraSthenicsTests */,
			);
			name = CobraSthenicsTests;
			packageProductDependencies = (
			);
			productName = CobraSthenicsTests;
			productReference = 17B45BF62FC535FD00C8DBD7 /* CobraSthenicsTests.xctest */;
			productType = "com.apple.product-type.bundle.unit-test";
		};
		17B45BFF2FC535FD00C8DBD7 /* CobraSthenicsUITests */ = {
			isa = PBXNativeTarget;
			buildConfigurationList = 17B45C102FC535FD00C8DBD7 /* Build configuration list for PBXNativeTarget "CobraSthenicsUITests" */;
			buildPhases = (
				17B45BFC2FC535FD00C8DBD7 /* Sources */,
				17B45BFD2FC535FD00C8DBD7 /* Frameworks */,
				17B45BFE2FC535FD00C8DBD7 /* Resources */,
			);
			buildRules = (
			);
			dependencies = (
				17B45C022FC535FD00C8DBD7 /* PBXTargetDependency */,
			);
			fileSystemSynchronizedGroups = (
				17B45C032FC535FD00C8DBD7 /* CobraSthenicsUITests */,
			);
			name = CobraSthenicsUITests;
			packageProductDependencies = (
			);
			productName = CobraSthenicsUITests;
			productReference = 17B45C002FC535FD00C8DBD7 /* CobraSthenicsUITests.xctest */;
			productType = "com.apple.product-type.bundle.ui-testing";
		};
/* End PBXNativeTarget section */

/* Begin PBXProject section */
		17B45BDF2FC535FC00C8DBD7 /* Project object */ = {
			isa = PBXProject;
			attributes = {
				BuildIndependentTargetsInParallel = 1;
				LastSwiftUpdateCheck = 2650;
				LastUpgradeCheck = 2650;
				TargetAttributes = {
					17B45BE62FC535FC00C8DBD7 = {
						CreatedOnToolsVersion = 26.5;
					};
					17B45BF52FC535FD00C8DBD7 = {
						CreatedOnToolsVersion = 26.5;
						TestTargetID = 17B45BE62FC535FC00C8DBD7;
					};
					17B45BFF2FC535FD00C8DBD7 = {
						CreatedOnToolsVersion = 26.5;
						TestTargetID = 17B45BE62FC535FC00C8DBD7;
					};
				};
			};
			buildConfigurationList = 17B45BE22FC535FC00C8DBD7 /* Build configuration list for PBXProject "CobraSthenics" */;
			developmentRegion = en;
			hasScannedForEncodings = 0;
			knownRegions = (
				en,
				Base,
			);
			mainGroup = 17B45BDE2FC535FC00C8DBD7;
			minimizedProjectReferenceProxies = 1;
			preferredProjectObjectVersion = 77;
			productRefGroup = 17B45BE82FC535FC00C8DBD7 /* Products */;
			projectDirPath = "";
			projectRoot = "";
			targets = (
				17B45BE62FC535FC00C8DBD7 /* CobraSthenics */,
				17B45BF52FC535FD00C8DBD7 /* CobraSthenicsTests */,
				17B45BFF2FC535FD00C8DBD7 /* CobraSthenicsUITests */,
			);
		};
/* End PBXProject section */

/* Begin PBXResourcesBuildPhase section */
		17B45BE52FC535FC00C8DBD7 /* Resources */ = {
			isa = PBXResourcesBuildPhase;
			buildActionMask = 2147483647;
			files = (
			);
			runOnlyForDeploymentPostprocessing = 0;
		};
		17B45BF42FC535FD00C8DBD7 /* Resources */ = {
			isa = PBXResourcesBuildPhase;
			buildActionMask = 2147483647;
			files = (
			);
			runOnlyForDeploymentPostprocessing = 0;
		};
		17B45BFE2FC535FD00C8DBD7 /* Resources */ = {
			isa = PBXResourcesBuildPhase;
			buildActionMask = 2147483647;
			files = (
			);
			runOnlyForDeploymentPostprocessing = 0;
		};
/* End PBXResourcesBuildPhase section */

/* Begin PBXSourcesBuildPhase section */
		17B45BE32FC535FC00C8DBD7 /* Sources */ = {
			isa = PBXSourcesBuildPhase;
			buildActionMask = 2147483647;
			files = (
			);
			runOnlyForDeploymentPostprocessing = 0;
		};
		17B45BF22FC535FD00C8DBD7 /* Sources */ = {
			isa = PBXSourcesBuildPhase;
			buildActionMask = 2147483647;
			files = (
			);
			runOnlyForDeploymentPostprocessing = 0;
		};
		17B45BFC2FC535FD00C8DBD7 /* Sources */ = {
			isa = PBXSourcesBuildPhase;
			buildActionMask = 2147483647;
			files = (
			);
			runOnlyForDeploymentPostprocessing = 0;
		};
/* End PBXSourcesBuildPhase section */

/* Begin PBXTargetDependency section */
		17B45BF82FC535FD00C8DBD7 /* PBXTargetDependency */ = {
			isa = PBXTargetDependency;
			target = 17B45BE62FC535FC00C8DBD7 /* CobraSthenics */;
			targetProxy = 17B45BF72FC535FD00C8DBD7 /* PBXContainerItemProxy */;
		};
		17B45C022FC535FD00C8DBD7 /* PBXTargetDependency */ = {
			isa = PBXTargetDependency;
			target = 17B45BE62FC535FC00C8DBD7 /* CobraSthenics */;
			targetProxy = 17B45C012FC535FD00C8DBD7 /* PBXContainerItemProxy */;
		};
/* End PBXTargetDependency section */

/* Begin XCBuildConfiguration section */
		17B45C082FC535FD00C8DBD7 /* Debug */ = {
			isa = XCBuildConfiguration;
			buildSettings = {
				ALWAYS_SEARCH_USER_PATHS = NO;
				ASSETCATALOG_COMPILER_GENERATE_SWIFT_ASSET_SYMBOL_EXTENSIONS = YES;
				CLANG_ANALYZER_NONNULL = YES;
				CLANG_ANALYZER_NUMBER_OBJECT_CONVERSION = YES_AGGRESSIVE;
				CLANG_CXX_LANGUAGE_STANDARD = "gnu++20";
				CLANG_ENABLE_MODULES = YES;
				CLANG_ENABLE_OBJC_ARC = YES;
				CLANG_ENABLE_OBJC_WEAK = YES;
				CLANG_WARN_BLOCK_CAPTURE_AUTORELEASING = YES;
				CLANG_WARN_BOOL_CONVERSION = YES;
				CLANG_WARN_COMMA = YES;
				CLANG_WARN_CONSTANT_CONVERSION = YES;
				CLANG_WARN_DEPRECATED_OBJC_IMPLEMENTATIONS = YES;
				CLANG_WARN_DIRECT_OBJC_ISA_USAGE = YES_ERROR;
				CLANG_WARN_DOCUMENTATION_COMMENTS = YES;
				CLANG_WARN_EMPTY_BODY = YES;
				CLANG_WARN_ENUM_CONVERSION = YES;
				CLANG_WARN_INFINITE_RECURSION = YES;
				CLANG_WARN_INT_CONVERSION = YES;
				CLANG_WARN_NON_LITERAL_NULL_CONVERSION = YES;
				CLANG_WARN_OBJC_IMPLICIT_RETAIN_SELF = YES;
				CLANG_WARN_OBJC_LITERAL_CONVERSION = YES;
				CLANG_WARN_OBJC_ROOT_CLASS = YES_ERROR;
				CLANG_WARN_QUOTED_INCLUDE_IN_FRAMEWORK_HEADER = YES;
				CLANG_WARN_RANGE_LOOP_ANALYSIS = YES;
				CLANG_WARN_STRICT_PROTOTYPES = YES;
				CLANG_WARN_SUSPICIOUS_MOVE = YES;
				CLANG_WARN_UNGUARDED_AVAILABILITY = YES_AGGRESSIVE;
				CLANG_WARN_UNREACHABLE_CODE = YES;
				CLANG_WARN__DUPLICATE_METHOD_MATCH = YES;
				COPY_PHASE_STRIP = NO;
				DEBUG_INFORMATION_FORMAT = dwarf;
				ENABLE_STRICT_OBJC_MSGSEND = YES;
				ENABLE_TESTABILITY = YES;
				ENABLE_USER_SCRIPT_SANDBOXING = YES;
				GCC_C_LANGUAGE_STANDARD = gnu17;
				GCC_DYNAMIC_NO_PIC = NO;
				GCC_NO_COMMON_BLOCKS = YES;
				GCC_OPTIMIZATION_LEVEL = 0;
				GCC_PREPROCESSOR_DEFINITIONS = (
					"DEBUG=1",
					"$(inherited)",
				);
				GCC_WARN_64_TO_32_BIT_CONVERSION = YES;
				GCC_WARN_ABOUT_RETURN_TYPE = YES_ERROR;
				GCC_WARN_UNDECLARED_SELECTOR = YES;
				GCC_WARN_UNINITIALIZED_AUTOS = YES_AGGRESSIVE;
				GCC_WARN_UNUSED_FUNCTION = YES;
				GCC_WARN_UNUSED_VARIABLE = YES;
				LOCALIZATION_PREFERS_STRING_CATALOGS = YES;
				MTL_ENABLE_DEBUG_INFO = INCLUDE_SOURCE;
				MTL_FAST_MATH = YES;
				ONLY_ACTIVE_ARCH = YES;
				SWIFT_ACTIVE_COMPILATION_CONDITIONS = "DEBUG $(inherited)";
				SWIFT_OPTIMIZATION_LEVEL = "-Onone";
			};
			name = Debug;
		};
		17B45C092FC535FD00C8DBD7 /* Release */ = {
			isa = XCBuildConfiguration;
			buildSettings = {
				ALWAYS_SEARCH_USER_PATHS = NO;
				ASSETCATALOG_COMPILER_GENERATE_SWIFT_ASSET_SYMBOL_EXTENSIONS = YES;
				CLANG_ANALYZER_NONNULL = YES;
				CLANG_ANALYZER_NUMBER_OBJECT_CONVERSION = YES_AGGRESSIVE;
				CLANG_CXX_LANGUAGE_STANDARD = "gnu++20";
				CLANG_ENABLE_MODULES = YES;
				CLANG_ENABLE_OBJC_ARC = YES;
				CLANG_ENABLE_OBJC_WEAK = YES;
				CLANG_WARN_BLOCK_CAPTURE_AUTORELEASING = YES;
				CLANG_WARN_BOOL_CONVERSION = YES;
				CLANG_WARN_COMMA = YES;
				CLANG_WARN_CONSTANT_CONVERSION = YES;
				CLANG_WARN_DEPRECATED_OBJC_IMPLEMENTATIONS = YES;
				CLANG_WARN_DIRECT_OBJC_ISA_USAGE = YES_ERROR;
				CLANG_WARN_DOCUMENTATION_COMMENTS = YES;
				CLANG_WARN_EMPTY_BODY = YES;
				CLANG_WARN_ENUM_CONVERSION = YES;
				CLANG_WARN_INFINITE_RECURSION = YES;
				CLANG_WARN_INT_CONVERSION = YES;
				CLANG_WARN_NON_LITERAL_NULL_CONVERSION = YES;
				CLANG_WARN_OBJC_IMPLICIT_RETAIN_SELF = YES;
				CLANG_WARN_OBJC_LITERAL_CONVERSION = YES;
				CLANG_WARN_OBJC_ROOT_CLASS = YES_ERROR;
				CLANG_WARN_QUOTED_INCLUDE_IN_FRAMEWORK_HEADER = YES;
				CLANG_WARN_RANGE_LOOP_ANALYSIS = YES;
				CLANG_WARN_STRICT_PROTOTYPES = YES;
				CLANG_WARN_SUSPICIOUS_MOVE = YES;
				CLANG_WARN_UNGUARDED_AVAILABILITY = YES_AGGRESSIVE;
				CLANG_WARN_UNREACHABLE_CODE = YES;
				CLANG_WARN__DUPLICATE_METHOD_MATCH = YES;
				COPY_PHASE_STRIP = NO;
				DEBUG_INFORMATION_FORMAT = "dwarf-with-dsym";
				ENABLE_NS_ASSERTIONS = NO;
				ENABLE_STRICT_OBJC_MSGSEND = YES;
				ENABLE_USER_SCRIPT_SANDBOXING = YES;
				GCC_C_LANGUAGE_STANDARD = gnu17;
				GCC_NO_COMMON_BLOCKS = YES;
				GCC_WARN_64_TO_32_BIT_CONVERSION = YES;
				GCC_WARN_ABOUT_RETURN_TYPE = YES_ERROR;
				GCC_WARN_UNDECLARED_SELECTOR = YES;
				GCC_WARN_UNINITIALIZED_AUTOS = YES_AGGRESSIVE;
				GCC_WARN_UNUSED_FUNCTION = YES;
				GCC_WARN_UNUSED_VARIABLE = YES;
				LOCALIZATION_PREFERS_STRING_CATALOGS = YES;
				MTL_ENABLE_DEBUG_INFO = NO;
				MTL_FAST_MATH = YES;
				SWIFT_COMPILATION_MODE = wholemodule;
			};
			name = Release;
		};
		17B45C0B2FC535FD00C8DBD7 /* Debug */ = {
			isa = XCBuildConfiguration;
			buildSettings = {
				ASSETCATALOG_COMPILER_APPICON_NAME = AppIcon;
				ASSETCATALOG_COMPILER_GLOBAL_ACCENT_COLOR_NAME = AccentColor;
				CODE_SIGN_STYLE = Automatic;
				CURRENT_PROJECT_VERSION = 1;
				ENABLE_APP_SANDBOX = YES;
				ENABLE_PREVIEWS = YES;
				ENABLE_USER_SELECTED_FILES = readonly;
				GENERATE_INFOPLIST_FILE = YES;
				"INFOPLIST_KEY_UIApplicationSceneManifest_Generation[sdk=iphoneos*]" = YES;
				"INFOPLIST_KEY_UIApplicationSceneManifest_Generation[sdk=iphonesimulator*]" = YES;
				"INFOPLIST_KEY_UIApplicationSupportsIndirectInputEvents[sdk=iphoneos*]" = YES;
				"INFOPLIST_KEY_UIApplicationSupportsIndirectInputEvents[sdk=iphonesimulator*]" = YES;
				"INFOPLIST_KEY_UILaunchScreen_Generation[sdk=iphoneos*]" = YES;
				"INFOPLIST_KEY_UILaunchScreen_Generation[sdk=iphonesimulator*]" = YES;
				"INFOPLIST_KEY_UIStatusBarStyle[sdk=iphoneos*]" = UIStatusBarStyleDefault;
				"INFOPLIST_KEY_UIStatusBarStyle[sdk=iphonesimulator*]" = UIStatusBarStyleDefault;
				INFOPLIST_KEY_UISupportedInterfaceOrientations_iPad = "UIInterfaceOrientationPortrait UIInterfaceOrientationPortraitUpsideDown UIInterfaceOrientationLandscapeLeft UIInterfaceOrientationLandscapeRight";
				INFOPLIST_KEY_UISupportedInterfaceOrientations_iPhone = "UIInterfaceOrientationPortrait UIInterfaceOrientationLandscapeLeft UIInterfaceOrientationLandscapeRight";
				IPHONEOS_DEPLOYMENT_TARGET = 26.5;
				LD_RUNPATH_SEARCH_PATHS = "@executable_path/Frameworks";
				"LD_RUNPATH_SEARCH_PATHS[sdk=macosx*]" = "@executable_path/../Frameworks";
				MACOSX_DEPLOYMENT_TARGET = 26.5;
				MARKETING_VERSION = 1.0;
				PRODUCT_BUNDLE_IDENTIFIER = CobraSthenics.CobraSthenics;
				PRODUCT_NAME = "$(TARGET_NAME)";
				REGISTER_APP_GROUPS = YES;
				SDKROOT = auto;
				STRING_CATALOG_GENERATE_SYMBOLS = YES;
				SUPPORTED_PLATFORMS = "iphoneos iphonesimulator";
				SUPPORTS_MACCATALYST = NO;
				SWIFT_APPROACHABLE_CONCURRENCY = YES;
				SWIFT_DEFAULT_ACTOR_ISOLATION = MainActor;
				SWIFT_EMIT_LOC_STRINGS = YES;
				SWIFT_UPCOMING_FEATURE_MEMBER_IMPORT_VISIBILITY = YES;
				SWIFT_VERSION = 5.0;
				TARGETED_DEVICE_FAMILY = "1,2";
				XROS_DEPLOYMENT_TARGET = 26.5;
			};
			name = Debug;
		};
		17B45C0C2FC535FD00C8DBD7 /* Release */ = {
			isa = XCBuildConfiguration;
			buildSettings = {
				ASSETCATALOG_COMPILER_APPICON_NAME = AppIcon;
				ASSETCATALOG_COMPILER_GLOBAL_ACCENT_COLOR_NAME = AccentColor;
				CODE_SIGN_STYLE = Automatic;
				CURRENT_PROJECT_VERSION = 1;
				ENABLE_APP_SANDBOX = YES;
				ENABLE_PREVIEWS = YES;
				ENABLE_USER_SELECTED_FILES = readonly;
				GENERATE_INFOPLIST_FILE = YES;
				"INFOPLIST_KEY_UIApplicationSceneManifest_Generation[sdk=iphoneos*]" = YES;
				"INFOPLIST_KEY_UIApplicationSceneManifest_Generation[sdk=iphonesimulator*]" = YES;
				"INFOPLIST_KEY_UIApplicationSupportsIndirectInputEvents[sdk=iphoneos*]" = YES;
				"INFOPLIST_KEY_UIApplicationSupportsIndirectInputEvents[sdk=iphonesimulator*]" = YES;
				"INFOPLIST_KEY_UILaunchScreen_Generation[sdk=iphoneos*]" = YES;
				"INFOPLIST_KEY_UILaunchScreen_Generation[sdk=iphonesimulator*]" = YES;
				"INFOPLIST_KEY_UIStatusBarStyle[sdk=iphoneos*]" = UIStatusBarStyleDefault;
				"INFOPLIST_KEY_UIStatusBarStyle[sdk=iphonesimulator*]" = UIStatusBarStyleDefault;
				INFOPLIST_KEY_UISupportedInterfaceOrientations_iPad = "UIInterfaceOrientationPortrait UIInterfaceOrientationPortraitUpsideDown UIInterfaceOrientationLandscapeLeft UIInterfaceOrientationLandscapeRight";
				INFOPLIST_KEY_UISupportedInterfaceOrientations_iPhone = "UIInterfaceOrientationPortrait UIInterfaceOrientationLandscapeLeft UIInterfaceOrientationLandscapeRight";
				IPHONEOS_DEPLOYMENT_TARGET = 26.5;
				LD_RUNPATH_SEARCH_PATHS = "@executable_path/Frameworks";
				"LD_RUNPATH_SEARCH_PATHS[sdk=macosx*]" = "@executable_path/../Frameworks";
				MACOSX_DEPLOYMENT_TARGET = 26.5;
				MARKETING_VERSION = 1.0;
				PRODUCT_BUNDLE_IDENTIFIER = CobraSthenics.CobraSthenics;
				PRODUCT_NAME = "$(TARGET_NAME)";
				REGISTER_APP_GROUPS = YES;
				SDKROOT = auto;
				STRING_CATALOG_GENERATE_SYMBOLS = YES;
				SUPPORTED_PLATFORMS = "iphoneos iphonesimulator";
				SUPPORTS_MACCATALYST = NO;
				SWIFT_APPROACHABLE_CONCURRENCY = YES;
				SWIFT_DEFAULT_ACTOR_ISOLATION = MainActor;
				SWIFT_EMIT_LOC_STRINGS = YES;
				SWIFT_UPCOMING_FEATURE_MEMBER_IMPORT_VISIBILITY = YES;
				SWIFT_VERSION = 5.0;
				TARGETED_DEVICE_FAMILY = "1,2";
				XROS_DEPLOYMENT_TARGET = 26.5;
			};
			name = Release;
		};
		17B45C0E2FC535FD00C8DBD7 /* Debug */ = {
			isa = XCBuildConfiguration;
			buildSettings = {
				BUNDLE_LOADER = "$(TEST_HOST)";
				CODE_SIGN_STYLE = Automatic;
				CURRENT_PROJECT_VERSION = 1;
				GENERATE_INFOPLIST_FILE = YES;
				IPHONEOS_DEPLOYMENT_TARGET = 26.5;
				MACOSX_DEPLOYMENT_TARGET = 26.5;
				MARKETING_VERSION = 1.0;
				PRODUCT_BUNDLE_IDENTIFIER = CobraSthenics.CobraSthenicsTests;
				PRODUCT_NAME = "$(TARGET_NAME)";
				SDKROOT = auto;
				STRING_CATALOG_GENERATE_SYMBOLS = NO;
				SUPPORTED_PLATFORMS = "iphoneos iphonesimulator macosx xros xrsimulator";
				SWIFT_APPROACHABLE_CONCURRENCY = YES;
				SWIFT_EMIT_LOC_STRINGS = NO;
				SWIFT_UPCOMING_FEATURE_MEMBER_IMPORT_VISIBILITY = YES;
				SWIFT_VERSION = 5.0;
				TARGETED_DEVICE_FAMILY = "1,2,7";
				TEST_HOST = "$(BUILT_PRODUCTS_DIR)/CobraSthenics.app/$(BUNDLE_EXECUTABLE_FOLDER_PATH)/CobraSthenics";
				XROS_DEPLOYMENT_TARGET = 26.5;
			};
			name = Debug;
		};
		17B45C0F2FC535FD00C8DBD7 /* Release */ = {
			isa = XCBuildConfiguration;
			buildSettings = {
				BUNDLE_LOADER = "$(TEST_HOST)";
				CODE_SIGN_STYLE = Automatic;
				CURRENT_PROJECT_VERSION = 1;
				GENERATE_INFOPLIST_FILE = YES;
				IPHONEOS_DEPLOYMENT_TARGET = 26.5;
				MACOSX_DEPLOYMENT_TARGET = 26.5;
				MARKETING_VERSION = 1.0;
				PRODUCT_BUNDLE_IDENTIFIER = CobraSthenics.CobraSthenicsTests;
				PRODUCT_NAME = "$(TARGET_NAME)";
				SDKROOT = auto;
				STRING_CATALOG_GENERATE_SYMBOLS = NO;
				SUPPORTED_PLATFORMS = "iphoneos iphonesimulator macosx xros xrsimulator";
				SWIFT_APPROACHABLE_CONCURRENCY = YES;
				SWIFT_EMIT_LOC_STRINGS = NO;
				SWIFT_UPCOMING_FEATURE_MEMBER_IMPORT_VISIBILITY = YES;
				SWIFT_VERSION = 5.0;
				TARGETED_DEVICE_FAMILY = "1,2,7";
				TEST_HOST = "$(BUILT_PRODUCTS_DIR)/CobraSthenics.app/$(BUNDLE_EXECUTABLE_FOLDER_PATH)/CobraSthenics";
				XROS_DEPLOYMENT_TARGET = 26.5;
			};
			name = Release;
		};
		17B45C112FC535FD00C8DBD7 /* Debug */ = {
			isa = XCBuildConfiguration;
			buildSettings = {
				CODE_SIGN_STYLE = Automatic;
				CURRENT_PROJECT_VERSION = 1;
				GENERATE_INFOPLIST_FILE = YES;
				IPHONEOS_DEPLOYMENT_TARGET = 26.5;
				MACOSX_DEPLOYMENT_TARGET = 26.5;
				MARKETING_VERSION = 1.0;
				PRODUCT_BUNDLE_IDENTIFIER = CobraSthenics.CobraSthenicsUITests;
				PRODUCT_NAME = "$(TARGET_NAME)";
				SDKROOT = auto;
				STRING_CATALOG_GENERATE_SYMBOLS = NO;
				SUPPORTED_PLATFORMS = "iphoneos iphonesimulator macosx xros xrsimulator";
				SWIFT_APPROACHABLE_CONCURRENCY = YES;
				SWIFT_EMIT_LOC_STRINGS = NO;
				SWIFT_UPCOMING_FEATURE_MEMBER_IMPORT_VISIBILITY = YES;
				SWIFT_VERSION = 5.0;
				TARGETED_DEVICE_FAMILY = "1,2,7";
				TEST_TARGET_NAME = CobraSthenics;
				XROS_DEPLOYMENT_TARGET = 26.5;
			};
			name = Debug;
		};
		17B45C122FC535FD00C8DBD7 /* Release */ = {
			isa = XCBuildConfiguration;
			buildSettings = {
				CODE_SIGN_STYLE = Automatic;
				CURRENT_PROJECT_VERSION = 1;
				GENERATE_INFOPLIST_FILE = YES;
				IPHONEOS_DEPLOYMENT_TARGET = 26.5;
				MACOSX_DEPLOYMENT_TARGET = 26.5;
				MARKETING_VERSION = 1.0;
				PRODUCT_BUNDLE_IDENTIFIER = CobraSthenics.CobraSthenicsUITests;
				PRODUCT_NAME = "$(TARGET_NAME)";
				SDKROOT = auto;
				STRING_CATALOG_GENERATE_SYMBOLS = NO;
				SUPPORTED_PLATFORMS = "iphoneos iphonesimulator macosx xros xrsimulator";
				SWIFT_APPROACHABLE_CONCURRENCY = YES;
				SWIFT_EMIT_LOC_STRINGS = NO;
				SWIFT_UPCOMING_FEATURE_MEMBER_IMPORT_VISIBILITY = YES;
				SWIFT_VERSION = 5.0;
				TARGETED_DEVICE_FAMILY = "1,2,7";
				TEST_TARGET_NAME = CobraSthenics;
				XROS_DEPLOYMENT_TARGET = 26.5;
			};
			name = Release;
		};
/* End XCBuildConfiguration section */

/* Begin XCConfigurationList section */
		17B45BE22FC535FC00C8DBD7 /* Build configuration list for PBXProject "CobraSthenics" */ = {
			isa = XCConfigurationList;
			buildConfigurations = (
				17B45C082FC535FD00C8DBD7 /* Debug */,
				17B45C092FC535FD00C8DBD7 /* Release */,
			);
			defaultConfigurationIsVisible = 0;
			defaultConfigurationName = Release;
		};
		17B45C0A2FC535FD00C8DBD7 /* Build configuration list for PBXNativeTarget "CobraSthenics" */ = {
			isa = XCConfigurationList;
			buildConfigurations = (
				17B45C0B2FC535FD00C8DBD7 /* Debug */,
				17B45C0C2FC535FD00C8DBD7 /* Release */,
			);
			defaultConfigurationIsVisible = 0;
			defaultConfigurationName = Release;
		};
		17B45C0D2FC535FD00C8DBD7 /* Build configuration list for PBXNativeTarget "CobraSthenicsTests" */ = {
			isa = XCConfigurationList;
			buildConfigurations = (
				17B45C0E2FC535FD00C8DBD7 /* Debug */,
				17B45C0F2FC535FD00C8DBD7 /* Release */,
			);
			defaultConfigurationIsVisible = 0;
			defaultConfigurationName = Release;
		};
		17B45C102FC535FD00C8DBD7 /* Build configuration list for PBXNativeTarget "CobraSthenicsUITests" */ = {
			isa = XCConfigurationList;
			buildConfigurations = (
				17B45C112FC535FD00C8DBD7 /* Debug */,
				17B45C122FC535FD00C8DBD7 /* Release */,
			);
			defaultConfigurationIsVisible = 0;
			defaultConfigurationName = Release;
		};
/* End XCConfigurationList section */
	};
	rootObject = 17B45BDF2FC535FC00C8DBD7 /* Project object */;
}
